
Microsoft Visual Studio Solution File, Format Version 12.00
# Visual Studio Version 17
VisualStudioVersion = 17.3.32811.315
MinimumVisualStudioVersion = 10.0.40219.1
Project("{9A19103F-16F7-4668-BE54-9A1E7A4F7556}") = "ConsoleApp1", "ConsoleApp1\ConsoleApp1.csproj", "{BE924B5E-6288-4FFB-8697-BAE4064A93E5}"
EndProject
Project("{9A19103F-16F7-4668-BE54-9A1E7A4F7556}") = "TestProject1", "TestProject1\TestProject1.csproj", "{D35E9D46-AA85-4ACA-8B2E-6C1A33B3D9BB}"
EndProject
Project("{9A19103F-16F7-4668-BE54-9A1E7A4F7556}") = "ConsoleApp2", "..\asztalialk\ConsoleApp2\ConsoleApp2.csproj", "{22CF84EE-69A0-415D-BD42-3809FFAFEC02}"
EndProject
Project("{FAE04EC0-301F-11D3-BF4B-00C04F79EFBC}") = "ClassLibrary1", "ClassLibrary1\ClassLibrary1.csproj", "{5DD0F23E-F25C-4868-8A17-7C821218F067}"
EndProject
Global
	GlobalSection(SolutionConfigurationPlatforms) = preSolution
		Debug|Any CPU = Debug|Any CPU
		Release|Any CPU = Release|Any CPU
	EndGlobalSection
	GlobalSection(ProjectConfigurationPlatforms) = postSolution
		{BE924B5E-6288-4FFB-8697-BAE4064A93E5}.Debug|Any CPU.ActiveCfg = Debug|Any CPU
		{BE924B5E-6288-4FFB-8697-BAE4064A93E5}.Debug|Any CPU.Build.0 = Debug|Any CPU
		{BE924B5E-6288-4FFB-8697-BAE4064A93E5}.Release|Any CPU.ActiveCfg = Release|Any CPU
		{BE924B5E-6288-4FFB-8697-BAE4064A93E5}.Release|Any CPU.Build.0 = Release|Any CPU
		{D35E9D46-AA85-4ACA-8B2E-6C1A33B3D9BB}.Debug|Any CPU.ActiveCfg = Debug|Any CPU
		{D35E9D46-AA85-4ACA-8B2E-6C1A33B3D9BB}.Debug|Any CPU.Build.0 = Debug|Any CPU
		{D35E9D46-AA85-4ACA-8B2E-6C1A33B3D9BB}.Release|Any CPU.ActiveCfg = Release|Any CPU
		{D35E9D46-AA85-4ACA-8B2E-6C1A33B3D9BB}.Release|Any CPU.Build.0 = Release|Any CPU
		{22CF84EE-69A0-415D-BD42-3809FFAFEC02}.Debug|Any CPU.ActiveCfg = Debug|Any CPU
		{22CF84EE-69A0-415D-BD42-3809FFAFEC02}.Debug|Any CPU.Build.0 = Debug|Any CPU
		{22CF84EE-69A0-415D-BD42-3809FFAFEC02}.Release|Any CPU.ActiveCfg = Release|Any CPU
		{22CF84EE-69A0-415D-BD42-3809FFAFEC02}.Release|Any CPU.Build.0 = Release|Any CPU
		{5DD0F23E-F25C-4868-8A17-7C821218F067}.Debug|Any CPU.ActiveCfg = Debug|Any CPU
		{5DD0F23E-F25C-4868-8A17-7C821218F067}.Debug|Any CPU.Build.0 = Debug|Any CPU
		{5DD0F23E-F25C-4868-8A17-7C821218F067}.Release|Any CPU.ActiveCfg = Release|Any CPU
		{5DD0F23E-F25C-4868-8A17-7C821218F067}.Release|Any CPU.Build.0 = Release|Any CPU
	EndGlobalSection
	GlobalSection(SolutionProperties) = preSolution
		HideSolutionNode = FALSE
	EndGlobalSection
	GlobalSection(ExtensibilityGlobals) = postSolution
		SolutionGuid = {5F9B26F0-ACD8-42D2-96FD-22004BF198FF}
	EndGlobalSection
EndGlobal
